lockfileVersion: '9.0'

settings:
  autoInstallPeers: true
  excludeLinksFromLockfile: false

importers:

  .:
    dependencies:
      gsap:
        specifier: ^3.13.0
        version: 3.13.0
      lenis:
        specifier: ^1.3.4
        version: 1.3.4
      typescript:
        specifier: ^5.7.3
        version: 5.8.3
    devDependencies:
      bun:
        specifier: ^1.1.45
        version: 1.2.15
      bun-types:
        specifier: latest
        version: 1.2.15

packages:

  '@oven/bun-darwin-aarch64@1.2.15':
    resolution: {integrity: sha512-DE2iO1xF6dTKBqHbRD/g9FxzuhbtVHnbSMV6KvvikYBRvteNJqV7I/FzoDXgbR3rRne3DF+gnCQO8T17tIfErw==}
    cpu: [arm64]
    os: [darwin]

  '@oven/bun-darwin-x64-baseline@1.2.15':
    resolution: {integrity: sha512-is6NrxFkT2WGffPyw0wQQeJ8Jztm115Y/hKsVtXySkF+GqUYEWqK2pzpsEDxhhOELBmxK9uUOkiOvPBZL4A2uQ==}
    cpu: [x64]
    os: [darwin]

  '@oven/bun-darwin-x64@1.2.15':
    resolution: {integrity: sha512-yRjJ0ELTlpSYCRi9buJDUAZ5TAv8GKT/lJ0Bemmed8RNEtETfLMNUmjQqts2aXRX1M7VIBvUiiHrSFHvhrfZ8A==}
    cpu: [x64]
    os: [darwin]

  '@oven/bun-linux-aarch64-musl@1.2.15':
    resolution: {integrity: sha512-CryplmxMcePF25vYq5C32jAO0qK4hLcGCXRUArPvrfFldixzppCQpKIBp4FvV2wA3fF66enckV0EPvGWofQA5g==}
    cpu: [aarch64]
    os: [linux]

  '@oven/bun-linux-aarch64@1.2.15':
    resolution: {integrity: sha512-L+TitZk5s60ipBGuPvNJ+oM7d6JC7gejGCmEZcUvdKf3dXG1k0E/Yr1Ox4j75U7VRV7tIRBnkis6BBBCMzdLmA==}
    cpu: [arm64]
    os: [linux]

  '@oven/bun-linux-x64-baseline@1.2.15':
    resolution: {integrity: sha512-RRGDCE3WcFrJUCwe1rPbaNANWR65BgaA2i79R1FFPaPw8mWoUhuYBcokRpeP4usevNtv/vWOfh3p05X3OczOpQ==}
    cpu: [x64]
    os: [linux]

  '@oven/bun-linux-x64-musl-baseline@1.2.15':
    resolution: {integrity: sha512-Z53su6s5d5l75dnkiytBwJxWCTB5/LpXH3GWGtrCn8hR5QzstNzdt1b7J//WGGaVmRdcdr5RKk+hw9NRVrCjeA==}
    cpu: [x64]
    os: [linux]

  '@oven/bun-linux-x64-musl@1.2.15':
    resolution: {integrity: sha512-M/fJA7jj+D3FA5PnpXwv43lGjY34xTQaaAV7RvAS7AW20eyGLyqVk3pW8peHG3IBQdWhblYzVNHn872lu3wn5A==}
    cpu: [x64]
    os: [linux]

  '@oven/bun-linux-x64@1.2.15':
    resolution: {integrity: sha512-U5gwBEVH/f+MvjZZyqwY/gIdbAjho9s1g3w7PQoB0cwaGrpY0zEkwHkYvqVriU0FPxN6VjZycBpePd3X6LrX0Q==}
    cpu: [x64]
    os: [linux]

  '@oven/bun-windows-x64-baseline@1.2.15':
    resolution: {integrity: sha512-4Bgf6Xh+bh0n1YYJLRZdZuQXBLGDJDFASpyP3nP72D5/gm71kmlujuM6gPPmbyjxu7FOmP2x5gGEfQ6ydk68CA==}
    cpu: [x64]
    os: [win32]

  '@oven/bun-windows-x64@1.2.15':
    resolution: {integrity: sha512-Ya4pTRtbuuoXHNKRCONuIqHk9fMME7LUWDNbig/jV08IF3fn3epMOqg716Ik2DTiYOX5Q+9O82+mz8hEFE9StA==}
    cpu: [x64]
    os: [win32]

  '@types/node@22.15.29':
    resolution: {integrity: sha512-LNdjOkUDlU1RZb8e1kOIUpN1qQUlzGkEtbVNo53vbrwDg5om6oduhm4SiUaPW5ASTXhAiP0jInWG8Qx9fVlOeQ==}

  bun-types@1.2.15:
    resolution: {integrity: sha512-NarRIaS+iOaQU1JPfyKhZm4AsUOrwUOqRNHY0XxI8GI8jYxiLXLcdjYMG9UKS+fwWasc1uw1htV9AX24dD+p4w==}

  bun@1.2.15:
    resolution: {integrity: sha512-9Nryct8QYQRE/W3/FjW2i4eLdVKme7JPY8R9DNLSGjKdSX8uMgZ2mogs+H5d88Ng0bYeSLpUkBhRelbNi8MwYA==}
    os: [darwin, linux, win32]
    hasBin: true

  gsap@3.13.0:
    resolution: {integrity: sha512-QL7MJ2WMjm1PHWsoFrAQH/J8wUeqZvMtHO58qdekHpCfhvhSL4gSiz6vJf5EeMP0LOn3ZCprL2ki/gjED8ghVw==}

  lenis@1.3.4:
    resolution: {integrity: sha512-WIGk8wiV2ABm/T7M+NC+tAV8fjzNJD1J4z11aZ3mTtx7WAZX/4QdCNhBO0g/TqXISA+/3hTbzrPC4FW1nhoNMQ==}
    peerDependencies:
      '@nuxt/kit': '>=3.0.0'
      react: '>=17.0.0'
      vue: '>=3.0.0'
    peerDependenciesMeta:
      '@nuxt/kit':
        optional: true
      react:
        optional: true
      vue:
        optional: true

  typescript@5.8.3:
    resolution: {integrity: sha512-p1diW6TqL9L07nNxvRMM7hMMw4c5XOo/1ibL4aAIGmSAt9slTE1Xgw5KWuof2uTOvCg9BY7ZRi+GaF+7sfgPeQ==}
    engines: {node: '>=14.17'}
    hasBin: true

  undici-types@6.21.0:
    resolution: {integrity: sha512-iwDZqg0QAGrg9Rav5H4n0M64c3mkR59cJ6wQp+7C4nI0gsmExaedaYLNO44eT4AtBBwjbTiGPMlt2Md0T9H9JQ==}

snapshots:

  '@oven/bun-darwin-aarch64@1.2.15':
    optional: true

  '@oven/bun-darwin-x64-baseline@1.2.15':
    optional: true

  '@oven/bun-darwin-x64@1.2.15':
    optional: true

  '@oven/bun-linux-aarch64-musl@1.2.15':
    optional: true

  '@oven/bun-linux-aarch64@1.2.15':
    optional: true

  '@oven/bun-linux-x64-baseline@1.2.15':
    optional: true

  '@oven/bun-linux-x64-musl-baseline@1.2.15':
    optional: true

  '@oven/bun-linux-x64-musl@1.2.15':
    optional: true

  '@oven/bun-linux-x64@1.2.15':
    optional: true

  '@oven/bun-windows-x64-baseline@1.2.15':
    optional: true

  '@oven/bun-windows-x64@1.2.15':
    optional: true

  '@types/node@22.15.29':
    dependencies:
      undici-types: 6.21.0

  bun-types@1.2.15:
    dependencies:
      '@types/node': 22.15.29

  bun@1.2.15:
    optionalDependencies:
      '@oven/bun-darwin-aarch64': 1.2.15
      '@oven/bun-darwin-x64': 1.2.15
      '@oven/bun-darwin-x64-baseline': 1.2.15
      '@oven/bun-linux-aarch64': 1.2.15
      '@oven/bun-linux-aarch64-musl': 1.2.15
      '@oven/bun-linux-x64': 1.2.15
      '@oven/bun-linux-x64-baseline': 1.2.15
      '@oven/bun-linux-x64-musl': 1.2.15
      '@oven/bun-linux-x64-musl-baseline': 1.2.15
      '@oven/bun-windows-x64': 1.2.15
      '@oven/bun-windows-x64-baseline': 1.2.15

  gsap@3.13.0: {}

  lenis@1.3.4: {}

  typescript@5.8.3: {}

  undici-types@6.21.0: {}
